
Microsoft Visual Studio Solution File, Format Version 12.00
# Visual Studio 14
VisualStudioVersion = 14.0.24720.0
MinimumVisualStudioVersion = 10.0.40219.1
Project("{2150E333-8FDC-42A3-9474-1A3956D46DE8}") = "src", "src", "{6939EB8B-3039-4DAC-BB35-DB3BE837EAB5}"
EndProject
Project("{2150E333-8FDC-42A3-9474-1A3956D46DE8}") = "test", "test", "{393314BF-60D9-4A7A-BEAC-E0B48FCC7DFC}"
EndProject
Project("{8BB2217D-0F2D-49D1-97BC-3654ED321F3B}") = "Nine.Storage.Abstractions", "src\Nine.Storage.Abstractions\Nine.Storage.Abstractions.xproj", "{4C65A2E5-5C95-410D-9E5F-E394CD3E2B21}"
EndProject
Project("{8BB2217D-0F2D-49D1-97BC-3654ED321F3B}") = "Nine.Storage.Client", "src\Nine.Storage.Client\Nine.Storage.Client.xproj", "{F7626FD5-5224-4AE0-A1CF-29BD780065C5}"
EndProject
Project("{8BB2217D-0F2D-49D1-97BC-3654ED321F3B}") = "Nine.Storage.Server", "src\Nine.Storage.Server\Nine.Storage.Server.xproj", "{E4A9D22D-9C83-4E9A-B742-5FE300190667}"
EndProject
Project("{8BB2217D-0F2D-49D1-97BC-3654ED321F3B}") = "Nine.Storage.Client.Test", "test\Nine.Storage.Client.Test\Nine.Storage.Client.Test.xproj", "{6E6ED68B-F4C8-474E-BA98-18024C2F7600}"
EndProject
Project("{8BB2217D-0F2D-49D1-97BC-3654ED321F3B}") = "Nine.Storage.Server.Test", "test\Nine.Storage.Server.Test\Nine.Storage.Server.Test.xproj", "{58A62A76-3DFD-4596-A4D1-5CC29333D6DF}"
EndProject
Project("{8BB2217D-0F2D-49D1-97BC-3654ED321F3B}") = "Nine.Storage.Test", "test\Nine.Storage.Test\Nine.Storage.Test.xproj", "{E50FB8C5-9648-402B-9BA1-890158786B69}"
EndProject
Global
	GlobalSection(SolutionConfigurationPlatforms) = preSolution
		Debug|Any CPU = Debug|Any CPU
		Release|Any CPU = Release|Any CPU
	EndGlobalSection
	GlobalSection(ProjectConfigurationPlatforms) = postSolution
		{4C65A2E5-5C95-410D-9E5F-E394CD3E2B21}.Debug|Any CPU.ActiveCfg = Debug|Any CPU
		{4C65A2E5-5C95-410D-9E5F-E394CD3E2B21}.Debug|Any CPU.Build.0 = Debug|Any CPU
		{4C65A2E5-5C95-410D-9E5F-E394CD3E2B21}.Release|Any CPU.ActiveCfg = Release|Any CPU
		{4C65A2E5-5C95-410D-9E5F-E394CD3E2B21}.Release|Any CPU.Build.0 = Release|Any CPU
		{F7626FD5-5224-4AE0-A1CF-29BD780065C5}.Debug|Any CPU.ActiveCfg = Debug|Any CPU
		{F7626FD5-5224-4AE0-A1CF-29BD780065C5}.Debug|Any CPU.Build.0 = Debug|Any CPU
		{F7626FD5-5224-4AE0-A1CF-29BD780065C5}.Release|Any CPU.ActiveCfg = Release|Any CPU
		{F7626FD5-5224-4AE0-A1CF-29BD780065C5}.Release|Any CPU.Build.0 = Release|Any CPU
		{E4A9D22D-9C83-4E9A-B742-5FE300190667}.Debug|Any CPU.ActiveCfg = Debug|Any CPU
		{E4A9D22D-9C83-4E9A-B742-5FE300190667}.Debug|Any CPU.Build.0 = Debug|Any CPU
		{E4A9D22D-9C83-4E9A-B742-5FE300190667}.Release|Any CPU.ActiveCfg = Release|Any CPU
		{E4A9D22D-9C83-4E9A-B742-5FE300190667}.Release|Any CPU.Build.0 = Release|Any CPU
		{6E6ED68B-F4C8-474E-BA98-18024C2F7600}.Debug|Any CPU.ActiveCfg = Debug|Any CPU
		{6E6ED68B-F4C8-474E-BA98-18024C2F7600}.Debug|Any CPU.Build.0 = Debug|Any CPU
		{6E6ED68B-F4C8-474E-BA98-18024C2F7600}.Release|Any CPU.ActiveCfg = Release|Any CPU
		{6E6ED68B-F4C8-474E-BA98-18024C2F7600}.Release|Any CPU.Build.0 = Release|Any CPU
		{58A62A76-3DFD-4596-A4D1-5CC29333D6DF}.Debug|Any CPU.ActiveCfg = Debug|Any CPU
		{58A62A76-3DFD-4596-A4D1-5CC29333D6DF}.Debug|Any CPU.Build.0 = Debug|Any CPU
		{58A62A76-3DFD-4596-A4D1-5CC29333D6DF}.Release|Any CPU.ActiveCfg = Release|Any CPU
		{58A62A76-3DFD-4596-A4D1-5CC29333D6DF}.Release|Any CPU.Build.0 = Release|Any CPU
		{E50FB8C5-9648-402B-9BA1-890158786B69}.Debug|Any CPU.ActiveCfg = Debug|Any CPU
		{E50FB8C5-9648-402B-9BA1-890158786B69}.Debug|Any CPU.Build.0 = Debug|Any CPU
		{E50FB8C5-9648-402B-9BA1-890158786B69}.Release|Any CPU.ActiveCfg = Release|Any CPU
		{E50FB8C5-9648-402B-9BA1-890158786B69}.Release|Any CPU.Build.0 = Release|Any CPU
	EndGlobalSection
	GlobalSection(SolutionProperties) = preSolution
		HideSolutionNode = FALSE
	EndGlobalSection
	GlobalSection(NestedProjects) = preSolution
		{4C65A2E5-5C95-410D-9E5F-E394CD3E2B21} = {6939EB8B-3039-4DAC-BB35-DB3BE837EAB5}
		{F7626FD5-5224-4AE0-A1CF-29BD780065C5} = {6939EB8B-3039-4DAC-BB35-DB3BE837EAB5}
		{E4A9D22D-9C83-4E9A-B742-5FE300190667} = {6939EB8B-3039-4DAC-BB35-DB3BE837EAB5}
		{6E6ED68B-F4C8-474E-BA98-18024C2F7600} = {393314BF-60D9-4A7A-BEAC-E0B48FCC7DFC}
		{58A62A76-3DFD-4596-A4D1-5CC29333D6DF} = {393314BF-60D9-4A7A-BEAC-E0B48FCC7DFC}
		{E50FB8C5-9648-402B-9BA1-890158786B69} = {393314BF-60D9-4A7A-BEAC-E0B48FCC7DFC}
	EndGlobalSection
EndGlobal
